
Microsoft Visual Studio Solution File, Format Version 12.00
# Visual Studio Version 17
VisualStudioVersion = 17.3.32901.215
MinimumVisualStudioVersion = 10.0.40219.1
Project("{9A19103F-16F7-4668-BE54-9A1E7A4F7556}") = "Khalti.Payment.Gateway", "Khalti.Payment.Gateway\Khalti.Payment.Gateway.csproj", "{19200B98-24B9-48FB-B128-63587D372945}"
EndProject
Global
	GlobalSection(SolutionConfigurationPlatforms) = preSolution
		Debug|Any CPU = Debug|Any CPU
		Release|Any CPU = Release|Any CPU
	EndGlobalSection
	GlobalSection(ProjectConfigurationPlatforms) = postSolution
		{19200B98-24B9-48FB-B128-63587D372945}.Debug|Any CPU.ActiveCfg = Debug|Any CPU
		{19200B98-24B9-48FB-B128-63587D372945}.Debug|Any CPU.Build.0 = Debug|Any CPU
		{19200B98-24B9-48FB-B128-63587D372945}.Release|Any CPU.ActiveCfg = Release|Any CPU
		{19200B98-24B9-48FB-B128-63587D372945}.Release|Any CPU.Build.0 = Release|Any CPU
	EndGlobalSection
	GlobalSection(SolutionProperties) = preSolution
		HideSolutionNode = FALSE
	EndGlobalSection
	GlobalSection(ExtensibilityGlobals) = postSolution
		SolutionGuid = {42DD85E2-7665-4E0F-AD70-C1D27B7CC38C}
	EndGlobalSection
EndGlobal
